
Microsoft Visual Studio Solution File, Format Version 12.00
# Visual Studio Version 16
VisualStudioVersion = 16.0.30804.86
MinimumVisualStudioVersion = 10.0.40219.1
Project("{FAE04EC0-301F-11D3-BF4B-00C04F79EFBC}") = "manager_reporter", "manager_reporter\manager_reporter.csproj", "{5D59EB41-E2E6-44DA-8EB9-5626A5B365A5}"
EndProject
Project("{FAE04EC0-301F-11D3-BF4B-00C04F79EFBC}") = "Reporter.Models", "Reporter.Models\Reporter.Models.csproj", "{55F70383-D8E7-47AC-9445-260B234FFFAA}"
EndProject
Project("{FAE04EC0-301F-11D3-BF4B-00C04F79EFBC}") = "Reporter.Services", "Reporter.Services\Reporter.Services.csproj", "{81E05AA1-D0C2-4C2C-BF08-E311585672CB}"
EndProject
Global
	GlobalSection(SolutionConfigurationPlatforms) = preSolution
		Debug|Any CPU = Debug|Any CPU
		Release|Any CPU = Release|Any CPU
	EndGlobalSection
	GlobalSection(ProjectConfigurationPlatforms) = postSolution
		{5D59EB41-E2E6-44DA-8EB9-5626A5B365A5}.Debug|Any CPU.ActiveCfg = Debug|Any CPU
		{5D59EB41-E2E6-44DA-8EB9-5626A5B365A5}.Debug|Any CPU.Build.0 = Debug|Any CPU
		{5D59EB41-E2E6-44DA-8EB9-5626A5B365A5}.Release|Any CPU.ActiveCfg = Release|Any CPU
		{5D59EB41-E2E6-44DA-8EB9-5626A5B365A5}.Release|Any CPU.Build.0 = Release|Any CPU
		{55F70383-D8E7-47AC-9445-260B234FFFAA}.Debug|Any CPU.ActiveCfg = Debug|Any CPU
		{55F70383-D8E7-47AC-9445-260B234FFFAA}.Debug|Any CPU.Build.0 = Debug|Any CPU
		{55F70383-D8E7-47AC-9445-260B234FFFAA}.Release|Any CPU.ActiveCfg = Release|Any CPU
		{55F70383-D8E7-47AC-9445-260B234FFFAA}.Release|Any CPU.Build.0 = Release|Any CPU
		{81E05AA1-D0C2-4C2C-BF08-E311585672CB}.Debug|Any CPU.ActiveCfg = Debug|Any CPU
		{81E05AA1-D0C2-4C2C-BF08-E311585672CB}.Debug|Any CPU.Build.0 = Debug|Any CPU
		{81E05AA1-D0C2-4C2C-BF08-E311585672CB}.Release|Any CPU.ActiveCfg = Release|Any CPU
		{81E05AA1-D0C2-4C2C-BF08-E311585672CB}.Release|Any CPU.Build.0 = Release|Any CPU
	EndGlobalSection
	GlobalSection(SolutionProperties) = preSolution
		HideSolutionNode = FALSE
	EndGlobalSection
	GlobalSection(ExtensibilityGlobals) = postSolution
		SolutionGuid = {85344A97-3BF4-44CD-8CEB-93F255E1B987}
	EndGlobalSection
EndGlobal
